
Microsoft Visual Studio Solution File, Format Version 12.00
# Visual Studio Version 17
VisualStudioVersion = 17.0.31903.59
MinimumVisualStudioVersion = 10.0.40219.1
Project("{9A19103F-16F7-4668-BE54-9A1E7A4F7556}") = "TaskLoymax.Test", "TaskLoymax.Test\TaskLoymax.Test.csproj", "{44663837-AE39-47FB-AC19-BEB2AFCF1657}"
EndProject
Project("{9A19103F-16F7-4668-BE54-9A1E7A4F7556}") = "TaskLoymax.WebApi", "TaskLoymax.WebApi\TaskLoymax.WebApi.csproj", "{E8F08724-06A4-486D-8EE0-D04CC96F4870}"
EndProject
Global
	GlobalSection(SolutionConfigurationPlatforms) = preSolution
		Debug|Any CPU = Debug|Any CPU
		Release|Any CPU = Release|Any CPU
	EndGlobalSection
	GlobalSection(ProjectConfigurationPlatforms) = postSolution
		{44663837-AE39-47FB-AC19-BEB2AFCF1657}.Debug|Any CPU.ActiveCfg = Debug|Any CPU
		{44663837-AE39-47FB-AC19-BEB2AFCF1657}.Debug|Any CPU.Build.0 = Debug|Any CPU
		{44663837-AE39-47FB-AC19-BEB2AFCF1657}.Release|Any CPU.ActiveCfg = Release|Any CPU
		{44663837-AE39-47FB-AC19-BEB2AFCF1657}.Release|Any CPU.Build.0 = Release|Any CPU
		{E8F08724-06A4-486D-8EE0-D04CC96F4870}.Debug|Any CPU.ActiveCfg = Debug|Any CPU
		{E8F08724-06A4-486D-8EE0-D04CC96F4870}.Debug|Any CPU.Build.0 = Debug|Any CPU
		{E8F08724-06A4-486D-8EE0-D04CC96F4870}.Release|Any CPU.ActiveCfg = Release|Any CPU
		{E8F08724-06A4-486D-8EE0-D04CC96F4870}.Release|Any CPU.Build.0 = Release|Any CPU
	EndGlobalSection
	GlobalSection(SolutionProperties) = preSolution
		HideSolutionNode = FALSE
	EndGlobalSection
	GlobalSection(ExtensibilityGlobals) = postSolution
		SolutionGuid = {EC39851E-94EF-482F-90AB-0CA43F08AEA8}
	EndGlobalSection
EndGlobal
